
Microsoft Visual Studio Solution File, Format Version 12.00
# Visual Studio Version 17
VisualStudioVersion = 17.1.32421.90
MinimumVisualStudioVersion = 10.0.40219.1
Project("{FAE04EC0-301F-11D3-BF4B-00C04F79EFBC}") = "QuestaEnneagram.APILayer", "QuestaEnneagram.APILayer\QuestaEnneagram.APILayer.csproj", "{366658A6-F16F-437C-90D3-BAF39CADDF1A}"
EndProject
Project("{FAE04EC0-301F-11D3-BF4B-00C04F79EFBC}") = "QuestaEnneagram.ServiceLayer", "QuestaEnneagram.ServiceLayer\QuestaEnneagram.ServiceLayer.csproj", "{13568010-E3A5-42C3-8852-906E8ED44904}"
EndProject
Project("{FAE04EC0-301F-11D3-BF4B-00C04F79EFBC}") = "QuestaEnneagram.DbLayer", "QuestaEnneagram.DbLayer\QuestaEnneagram.DbLayer.csproj", "{8DB3F689-EFC1-4CD1-8162-0C19EFB63DF6}"
EndProject
Global
	GlobalSection(SolutionConfigurationPlatforms) = preSolution
		Debug|Any CPU = Debug|Any CPU
		Release|Any CPU = Release|Any CPU
	EndGlobalSection
	GlobalSection(ProjectConfigurationPlatforms) = postSolution
		{366658A6-F16F-437C-90D3-BAF39CADDF1A}.Debug|Any CPU.ActiveCfg = Debug|Any CPU
		{366658A6-F16F-437C-90D3-BAF39CADDF1A}.Debug|Any CPU.Build.0 = Debug|Any CPU
		{366658A6-F16F-437C-90D3-BAF39CADDF1A}.Release|Any CPU.ActiveCfg = Release|Any CPU
		{366658A6-F16F-437C-90D3-BAF39CADDF1A}.Release|Any CPU.Build.0 = Release|Any CPU
		{13568010-E3A5-42C3-8852-906E8ED44904}.Debug|Any CPU.ActiveCfg = Debug|Any CPU
		{13568010-E3A5-42C3-8852-906E8ED44904}.Debug|Any CPU.Build.0 = Debug|Any CPU
		{13568010-E3A5-42C3-8852-906E8ED44904}.Release|Any CPU.ActiveCfg = Release|Any CPU
		{13568010-E3A5-42C3-8852-906E8ED44904}.Release|Any CPU.Build.0 = Release|Any CPU
		{8DB3F689-EFC1-4CD1-8162-0C19EFB63DF6}.Debug|Any CPU.ActiveCfg = Debug|Any CPU
		{8DB3F689-EFC1-4CD1-8162-0C19EFB63DF6}.Debug|Any CPU.Build.0 = Debug|Any CPU
		{8DB3F689-EFC1-4CD1-8162-0C19EFB63DF6}.Release|Any CPU.ActiveCfg = Release|Any CPU
		{8DB3F689-EFC1-4CD1-8162-0C19EFB63DF6}.Release|Any CPU.Build.0 = Release|Any CPU
	EndGlobalSection
	GlobalSection(SolutionProperties) = preSolution
		HideSolutionNode = FALSE
	EndGlobalSection
	GlobalSection(ExtensibilityGlobals) = postSolution
		SolutionGuid = {789F20DF-49FB-4421-AB98-E291047902C4}
	EndGlobalSection
EndGlobal
